
Microsoft Visual Studio Solution File, Format Version 12.00
# Visual Studio 15
VisualStudioVersion = 15.0.27004.2009
MinimumVisualStudioVersion = 10.0.40219.1
Project("{FAE04EC0-301F-11D3-BF4B-00C04F79EFBC}") = "Loja Gaucha", "Loja Gaucha\Loja Gaucha.csproj", "{594BEBDB-872F-41E5-9AA4-CE026A63D5BB}"
EndProject
Global
	GlobalSection(SolutionConfigurationPlatforms) = preSolution
		Debug|Any CPU = Debug|Any CPU
		Release|Any CPU = Release|Any CPU
	EndGlobalSection
	GlobalSection(ProjectConfigurationPlatforms) = postSolution
		{594BEBDB-872F-41E5-9AA4-CE026A63D5BB}.Debug|Any CPU.ActiveCfg = Debug|Any CPU
		{594BEBDB-872F-41E5-9AA4-CE026A63D5BB}.Debug|Any CPU.Build.0 = Debug|Any CPU
		{594BEBDB-872F-41E5-9AA4-CE026A63D5BB}.Release|Any CPU.ActiveCfg = Release|Any CPU
		{594BEBDB-872F-41E5-9AA4-CE026A63D5BB}.Release|Any CPU.Build.0 = Release|Any CPU
	EndGlobalSection
	GlobalSection(SolutionProperties) = preSolution
		HideSolutionNode = FALSE
	EndGlobalSection
	GlobalSection(ExtensibilityGlobals) = postSolution
		SolutionGuid = {B3B29685-FC6B-4FCE-9B1A-41C6FD868F55}
	EndGlobalSection
EndGlobal
